# THIS IS AN AUTOGENERATED FILE. DO NOT EDIT THIS FILE DIRECTLY.
# yarn lockfile v1


stimulus-clipboard@^3.1.0:
  version "3.1.0"
  resolved "https://registry.yarnpkg.com/stimulus-clipboard/-/stimulus-clipboard-3.1.0.tgz#4ca52cc02928c28c5166285fe3efdc47482dbc3e"
  integrity sha512-YN1vZ05D3knmJZ2zXmkfX0qO2q9Ume8aV38X3akL8uaABho+sQOqWNygBLeGlhFML3JiNNKxeooIehfzKnnzNw==
